// !$*UTF8*$!
{
	archiveVersion = 1;
	classes = {
	};
	objectVersion = 46;
	objects = {

/* Begin PBXBuildFile section */
		C60E19551C8A2BE600166040 /* AppDelegate.m in Sources */ = {isa = PBXBuildFile; fileRef = C60E19541C8A2BE600166040 /* AppDelegate.m */; };
		C60E19581C8A2BE600166040 /* main.m in Sources */ = {isa = PBXBuildFile; fileRef = C60E19571C8A2BE600166040 /* main.m */; };
		C60E195A1C8A2BE600166040 /* Assets.xcassets in Resources */ = {isa = PBXBuildFile; fileRef = C60E19591C8A2BE600166040 /* Assets.xcassets */; };
		C60E195D1C8A2BE600166040 /* MainMenu.xib in Resources */ = {isa = PBXBuildFile; fileRef = C60E195B1C8A2BE600166040 /* MainMenu.xib */; };
/* End PBXBuildFile section */

/* Begin PBXFileReference section */
		C60E19501C8A2BE600166040 /* Realsense_Pointcloud.app */ = {isa = PBXFileReference; explicitFileType = wrapper.application; includeInIndex = 0; path = Realsense_Pointcloud.app; sourceTree = BUILT_PRODUCTS_DIR; };
		C60E19531C8A2BE600166040 /* AppDelegate.h */ = {isa = PBXFileReference; lastKnownFileType = sourcecode.c.h; path = AppDelegate.h; sourceTree = "<group>"; };
		C60E19541C8A2BE600166040 /* AppDelegate.m */ = {isa = PBXFileReference; lastKnownFileType = sourcecode.c.objc; path = AppDelegate.m; sourceTree = "<group>"; };
		C60E19571C8A2BE600166040 /* main.m */ = {isa = PBXFileReference; lastKnownFileType = sourcecode.c.objc; path = main.m; sourceTree = "<group>"; };
		C60E19591C8A2BE600166040 /* Assets.xcassets */ = {isa = PBXFileReference; lastKnownFileType = folder.assetcatalog; path = Assets.xcassets; sourceTree = "<group>"; };
		C60E195C1C8A2BE600166040 /* Base */ = {isa = PBXFileReference; lastKnownFileType = file.xib; name = Base; path = Base.lproj/MainMenu.xib; sourceTree = "<group>"; };
		C60E195E1C8A2BE600166040 /* Info.plist */ = {isa = PBXFileReference; lastKnownFileType = text.plist.xml; path = Info.plist; sourceTree = "<group>"; };
/* End PBXFileReference section */

/* Begin PBXFrameworksBuildPhase section */
		C60E194D1C8A2BE600166040 /* Frameworks */ = {
			isa = PBXFrameworksBuildPhase;
			buildActionMask = 2147483647;
			files = (
			);
			runOnlyForDeploymentPostprocessing = 0;
		};
/* End PBXFrameworksBuildPhase section */

/* Begin PBXGroup section */
		C60E19471C8A2BE600166040 = {
			isa = PBXGroup;
			children = (
				C60E19521C8A2BE600166040 /* Realsense_Pointcloud */,
				C60E19511C8A2BE600166040 /* Products */,
			);
			sourceTree = "<group>";
		};
		C60E19511C8A2BE600166040 /* Products */ = {
			isa = PBXGroup;
			children = (
				C60E19501C8A2BE600166040 /* Realsense_Pointcloud.app */,
			);
			name = Products;
			sourceTree = "<group>";
		};
		C60E19521C8A2BE600166040 /* Realsense_Pointcloud */ = {
			isa = PBXGroup;
			children = (
				C60E19531C8A2BE600166040 /* AppDelegate.h */,
				C60E19541C8A2BE600166040 /* AppDelegate.m */,
				C60E19591C8A2BE600166040 /* Assets.xcassets */,
				C60E195B1C8A2BE600166040 /* MainMenu.xib */,
				C60E195E1C8A2BE600166040 /* Info.plist */,
				C60E19561C8A2BE600166040 /* Supporting Files */,
			);
			path = Realsense_Pointcloud;
			sourceTree = "<group>";
		};
		C60E19561C8A2BE600166040 /* Supporting Files */ = {
			isa = PBXGroup;
			children = (
				C60E19571C8A2BE600166040 /* main.m */,
			);
			name = "Supporting Files";
			sourceTree = "<group>";
		};
/* End PBXGroup section */

/* Begin PBXNativeTarget section */
		C60E194F1C8A2BE600166040 /* Realsense_Pointcloud */ = {
			isa = PBXNativeTarget;
			buildConfigurationList = C60E19611C8A2BE600166040 /* Build configuration list for PBXNativeTarget "Realsense_Pointcloud" */;
			buildPhases = (
				C60E194C1C8A2BE600166040 /* Sources */,
				C60E194D1C8A2BE600166040 /* Frameworks */,
				C60E194E1C8A2BE600166040 /* Resources */,
			);
			buildRules = (
			);
			dependencies = (
			);
			name = Realsense_Pointcloud;
			productName = Realsense_Pointcloud;
			productReference = C60E19501C8A2BE600166040 /* Realsense_Pointcloud.app */;
			productType = "com.apple.product-type.application";
		};
/* End PBXNativeTarget section */

/* Begin PBXProject section */
		C60E19481C8A2BE600166040 /* Project object */ = {
			isa = PBXProject;
			attributes = {
				LastUpgradeCheck = 0720;
				ORGANIZATIONNAME = "Rob Sawyer";
				TargetAttributes = {
					C60E194F1C8A2BE600166040 = {
						CreatedOnToolsVersion = 7.2.1;
					};
				};
			};
			buildConfigurationList = C60E194B1C8A2BE600166040 /* Build configuration list for PBXProject "Realsense_Pointcloud" */;
			compatibilityVersion = "Xcode 3.2";
			developmentRegion = English;
			hasScannedForEncodings = 0;
			knownRegions = (
				en,
				Base,
			);
			mainGroup = C60E19471C8A2BE600166040;
			productRefGroup = C60E19511C8A2BE600166040 /* Products */;
			projectDirPath = "";
			projectRoot = "";
			targets = (
				C60E194F1C8A2BE600166040 /* Realsense_Pointcloud */,
			);
		};
/* End PBXProject section */

/* Begin PBXResourcesBuildPhase section */
		C60E194E1C8A2BE600166040 /* Resources */ = {
			isa = PBXResourcesBuildPhase;
			buildActionMask = 2147483647;
			files = (
				C60E195A1C8A2BE600166040 /* Assets.xcassets in Resources */,
				C60E195D1C8A2BE600166040 /* MainMenu.xib in Resources */,
			);
			runOnlyForDeploymentPostprocessing = 0;
		};
/* End PBXResourcesBuildPhase section */

/* Begin PBXSourcesBuildPhase section */
		C60E194C1C8A2BE600166040 /* Sources */ = {
			isa = PBXSourcesBuildPhase;
			buildActionMask = 2147483647;
			files = (
				C60E19581C8A2BE600166040 /* main.m in Sources */,
				C60E19551C8A2BE600166040 /* AppDelegate.m in Sources */,
			);
			runOnlyForDeploymentPostprocessing = 0;
		};
/* End PBXSourcesBuildPhase section */

/* Begin PBXVariantGroup section */
		C60E195B1C8A2BE600166040 /* MainMenu.xib */ = {
			isa = PBXVariantGroup;
			children = (
				C60E195C1C8A2BE600166040 /* Base */,
			);
			name = MainMenu.xib;
			sourceTree = "<group>";
		};
/* End PBXVariantGroup section */

/* Begin XCBuildConfiguration section */
		C60E195F1C8A2BE600166040 /* Debug */ = {
			isa = XCBuildConfiguration;
			buildSettings = {
				ALWAYS_SEARCH_USER_PATHS = NO;
				CLANG_CXX_LANGUAGE_STANDARD = "gnu++0x";
				CLANG_CXX_LIBRARY = "libc++";
				CLANG_ENABLE_MODULES = YES;
				CLANG_ENABLE_OBJC_ARC = YES;
				CLANG_WARN_BOOL_CONVERSION = YES;
				CLANG_WARN_CONSTANT_CONVERSION = YES;
				CLANG_WARN_DIRECT_OBJC_ISA_USAGE = YES_ERROR;
				CLANG_WARN_EMPTY_BODY = YES;
				CLANG_WARN_ENUM_CONVERSION = YES;
				CLANG_WARN_INT_CONVERSION = YES;
				CLANG_WARN_OBJC_ROOT_CLASS = YES_ERROR;
				CLANG_WARN_UNREACHABLE_CODE = YES;
				CLANG_WARN__DUPLICATE_METHOD_MATCH = YES;
				CODE_SIGN_IDENTITY = "-";
				COPY_PHASE_STRIP = NO;
				DEBUG_INFORMATION_FORMAT = dwarf;
				ENABLE_STRICT_OBJC_MSGSEND = YES;
				ENABLE_TESTABILITY = YES;
				GCC_C_LANGUAGE_STANDARD = gnu99;
				GCC_DYNAMIC_NO_PIC = NO;
				GCC_NO_COMMON_BLOCKS = YES;
				GCC_OPTIMIZATION_LEVEL = 0;
				GCC_PREPROCESSOR_DEFINITIONS = (
					"DEBUG=1",
					"$(inherited)",
				);
				GCC_WARN_64_TO_32_BIT_CONVERSION = YES;
				GCC_WARN_ABOUT_RETURN_TYPE = YES_ERROR;
				GCC_WARN_UNDECLARED_SELECTOR = YES;
				GCC_WARN_UNINITIALIZED_AUTOS = YES_AGGRESSIVE;
				GCC_WARN_UNUSED_FUNCTION = YES;
				GCC_WARN_UNUSED_VARIABLE = YES;
				MACOSX_DEPLOYMENT_TARGET = 10.11;
				MTL_ENABLE_DEBUG_INFO = YES;
				ONLY_ACTIVE_ARCH = YES;
				SDKROOT = macosx;
			};
			name = Debug;
		};
		C60E19601C8A2BE600166040 /* Release */ = {
			isa = XCBuildConfiguration;
			buildSettings = {
				ALWAYS_SEARCH_USER_PATHS = NO;
				CLANG_CXX_LANGUAGE_STANDARD = "gnu++0x";
				CLANG_CXX_LIBRARY = "libc++";
				CLANG_ENABLE_MODULES = YES;
				CLANG_ENABLE_OBJC_ARC = YES;
				CLANG_WARN_BOOL_CONVERSION = YES;
				CLANG_WARN_CONSTANT_CONVERSION = YES;
				CLANG_WARN_DIRECT_OBJC_ISA_USAGE = YES_ERROR;
				CLANG_WARN_EMPTY_BODY = YES;
				CLANG_WARN_ENUM_CONVERSION = YES;
				CLANG_WARN_INT_CONVERSION = YES;
				CLANG_WARN_OBJC_ROOT_CLASS = YES_ERROR;
				CLANG_WARN_UNREACHABLE_CODE = YES;
				CLANG_WARN__DUPLICATE_METHOD_MATCH = YES;
				CODE_SIGN_IDENTITY = "-";
				COPY_PHASE_STRIP = NO;
				DEBUG_INFORMATION_FORMAT = "dwarf-with-dsym";
				ENABLE_NS_ASSERTIONS = NO;
				ENABLE_STRICT_OBJC_MSGSEND = YES;
				GCC_C_LANGUAGE_STANDARD = gnu99;
				GCC_NO_COMMON_BLOCKS = YES;
				GCC_WARN_64_TO_32_BIT_CONVERSION = YES;
				GCC_WARN_ABOUT_RETURN_TYPE = YES_ERROR;
				GCC_WARN_UNDECLARED_SELECTOR = YES;
				GCC_WARN_UNINITIALIZED_AUTOS = YES_AGGRESSIVE;
				GCC_WARN_UNUSED_FUNCTION = YES;
				GCC_WARN_UNUSED_VARIABLE = YES;
				MACOSX_DEPLOYMENT_TARGET = 10.11;
				MTL_ENABLE_DEBUG_INFO = NO;
				SDKROOT = macosx;
			};
			name = Release;
		};
		C60E19621C8A2BE600166040 /* Debug */ = {
			isa = XCBuildConfiguration;
			buildSettings = {
				ASSETCATALOG_COMPILER_APPICON_NAME = AppIcon;
				COMBINE_HIDPI_IMAGES = YES;
				INFOPLIST_FILE = Realsense_Pointcloud/Info.plist;
				LD_RUNPATH_SEARCH_PATHS = "$(inherited) @executable_path/../Frameworks";
				PRODUCT_BUNDLE_IDENTIFIER = "robksawyer.Realsense-Pointcloud";
				PRODUCT_NAME = "$(TARGET_NAME)";
			};
			name = Debug;
		};
		C60E19631C8A2BE600166040 /* Release */ = {
			isa = XCBuildConfiguration;
			buildSettings = {
				ASSETCATALOG_COMPILER_APPICON_NAME = AppIcon;
				COMBINE_HIDPI_IMAGES = YES;
				INFOPLIST_FILE = Realsense_Pointcloud/Info.plist;
				LD_RUNPATH_SEARCH_PATHS = "$(inherited) @executable_path/../Frameworks";
				PRODUCT_BUNDLE_IDENTIFIER = "robksawyer.Realsense-Pointcloud";
				PRODUCT_NAME = "$(TARGET_NAME)";
			};
			name = Release;
		};
/* End XCBuildConfiguration section */

/* Begin XCConfigurationList section */
		C60E194B1C8A2BE600166040 /* Build configuration list for PBXProject "Realsense_Pointcloud" */ = {
			isa = XCConfigurationList;
			buildConfigurations = (
				C60E195F1C8A2BE600166040 /* Debug */,
				C60E19601C8A2BE600166040 /* Release */,
			);
			defaultConfigurationIsVisible = 0;
			defaultConfigurationName = Release;
		};
		C60E19611C8A2BE600166040 /* Build configuration list for PBXNativeTarget "Realsense_Pointcloud" */ = {
			isa = XCConfigurationList;
			buildConfigurations = (
				C60E19621C8A2BE600166040 /* Debug */,
				C60E19631C8A2BE600166040 /* Release */,
			);
			defaultConfigurationIsVisible = 0;
		};
/* End XCConfigurationList section */
	};
	rootObject = C60E19481C8A2BE600166040 /* Project object */;
}
